
Microsoft Visual Studio Solution File, Format Version 12.00
# Visual Studio 15
VisualStudioVersion = 15.0.28010.2036
MinimumVisualStudioVersion = 10.0.40219.1
Project("{FAE04EC0-301F-11D3-BF4B-00C04F79EFBC}") = "myEditor", "myEditor\myEditor.csproj", "{39876038-DBCD-4338-AF01-8CE0248BEC46}"
EndProject
Global
	GlobalSection(SolutionConfigurationPlatforms) = preSolution
		Debug|Any CPU = Debug|Any CPU
		Release|Any CPU = Release|Any CPU
	EndGlobalSection
	GlobalSection(ProjectConfigurationPlatforms) = postSolution
		{39876038-DBCD-4338-AF01-8CE0248BEC46}.Debug|Any CPU.ActiveCfg = Debug|Any CPU
		{39876038-DBCD-4338-AF01-8CE0248BEC46}.Debug|Any CPU.Build.0 = Debug|Any CPU
		{39876038-DBCD-4338-AF01-8CE0248BEC46}.Release|Any CPU.ActiveCfg = Release|Any CPU
		{39876038-DBCD-4338-AF01-8CE0248BEC46}.Release|Any CPU.Build.0 = Release|Any CPU
	EndGlobalSection
	GlobalSection(SolutionProperties) = preSolution
		HideSolutionNode = FALSE
	EndGlobalSection
	GlobalSection(ExtensibilityGlobals) = postSolution
		SolutionGuid = {66E82E04-4F03-4F7E-AFF5-938F485C98BB}
	EndGlobalSection
EndGlobal
