
Microsoft Visual Studio Solution File, Format Version 12.00
# Visual Studio Version 17
VisualStudioVersion = 17.3.32922.545
MinimumVisualStudioVersion = 10.0.40219.1
Project("{9A19103F-16F7-4668-BE54-9A1E7A4F7556}") = "ConsoleApp", "ConsoleApp\ConsoleApp.csproj", "{38EE53C7-D9EF-4F6B-ADE8-B8C90F873C0B}"
EndProject
Project("{FAE04EC0-301F-11D3-BF4B-00C04F79EFBC}") = "ConsoleAppFramework", "ConsoleAppFramework\ConsoleAppFramework.csproj", "{2B62FDF3-496E-401C-A189-F169EB29BF61}"
EndProject
Project("{FAE04EC0-301F-11D3-BF4B-00C04F79EFBC}") = "WinFormsApp1", "WinFormsApp1\WinFormsApp1.csproj", "{A37799C4-7736-4DBE-98B5-A54EEDDE5F10}"
EndProject
Project("{FAE04EC0-301F-11D3-BF4B-00C04F79EFBC}") = "WindowsFormsApp1", "WindowsFormsApp1\WindowsFormsApp1.csproj", "{B6DA863B-FA31-423D-BC1B-D25CD96AD1FB}"
EndProject
Global
	GlobalSection(SolutionConfigurationPlatforms) = preSolution
		Debug|Any CPU = Debug|Any CPU
		Release|Any CPU = Release|Any CPU
	EndGlobalSection
	GlobalSection(ProjectConfigurationPlatforms) = postSolution
		{38EE53C7-D9EF-4F6B-ADE8-B8C90F873C0B}.Debug|Any CPU.ActiveCfg = Debug|Any CPU
		{38EE53C7-D9EF-4F6B-ADE8-B8C90F873C0B}.Debug|Any CPU.Build.0 = Debug|Any CPU
		{38EE53C7-D9EF-4F6B-ADE8-B8C90F873C0B}.Release|Any CPU.ActiveCfg = Release|Any CPU
		{38EE53C7-D9EF-4F6B-ADE8-B8C90F873C0B}.Release|Any CPU.Build.0 = Release|Any CPU
		{2B62FDF3-496E-401C-A189-F169EB29BF61}.Debug|Any CPU.ActiveCfg = Debug|Any CPU
		{2B62FDF3-496E-401C-A189-F169EB29BF61}.Debug|Any CPU.Build.0 = Debug|Any CPU
		{2B62FDF3-496E-401C-A189-F169EB29BF61}.Release|Any CPU.ActiveCfg = Release|Any CPU
		{2B62FDF3-496E-401C-A189-F169EB29BF61}.Release|Any CPU.Build.0 = Release|Any CPU
		{A37799C4-7736-4DBE-98B5-A54EEDDE5F10}.Debug|Any CPU.ActiveCfg = Debug|Any CPU
		{A37799C4-7736-4DBE-98B5-A54EEDDE5F10}.Debug|Any CPU.Build.0 = Debug|Any CPU
		{A37799C4-7736-4DBE-98B5-A54EEDDE5F10}.Release|Any CPU.ActiveCfg = Release|Any CPU
		{A37799C4-7736-4DBE-98B5-A54EEDDE5F10}.Release|Any CPU.Build.0 = Release|Any CPU
		{B6DA863B-FA31-423D-BC1B-D25CD96AD1FB}.Debug|Any CPU.ActiveCfg = Debug|Any CPU
		{B6DA863B-FA31-423D-BC1B-D25CD96AD1FB}.Debug|Any CPU.Build.0 = Debug|Any CPU
		{B6DA863B-FA31-423D-BC1B-D25CD96AD1FB}.Release|Any CPU.ActiveCfg = Release|Any CPU
		{B6DA863B-FA31-423D-BC1B-D25CD96AD1FB}.Release|Any CPU.Build.0 = Release|Any CPU
	EndGlobalSection
	GlobalSection(SolutionProperties) = preSolution
		HideSolutionNode = FALSE
	EndGlobalSection
	GlobalSection(ExtensibilityGlobals) = postSolution
		SolutionGuid = {66E82E04-4F03-4F7E-AFF5-938F485C98BB}
	EndGlobalSection
EndGlobal
