
Microsoft Visual Studio Solution File, Format Version 12.00
# Visual Studio Version 16
VisualStudioVersion = 16.0.30523.141
MinimumVisualStudioVersion = 10.0.40219.1
Project("{FAE04EC0-301F-11D3-BF4B-00C04F79EFBC}") = "My_Word", "My_Word\My_Word.csproj", "{F71F6113-F3E0-4911-84B5-816B1430B495}"
EndProject
Global
	GlobalSection(SolutionConfigurationPlatforms) = preSolution
		Debug|Any CPU = Debug|Any CPU
		Release|Any CPU = Release|Any CPU
	EndGlobalSection
	GlobalSection(ProjectConfigurationPlatforms) = postSolution
		{F71F6113-F3E0-4911-84B5-816B1430B495}.Debug|Any CPU.ActiveCfg = Debug|Any CPU
		{F71F6113-F3E0-4911-84B5-816B1430B495}.Debug|Any CPU.Build.0 = Debug|Any CPU
		{F71F6113-F3E0-4911-84B5-816B1430B495}.Release|Any CPU.ActiveCfg = Release|Any CPU
		{F71F6113-F3E0-4911-84B5-816B1430B495}.Release|Any CPU.Build.0 = Release|Any CPU
	EndGlobalSection
	GlobalSection(SolutionProperties) = preSolution
		HideSolutionNode = FALSE
	EndGlobalSection
	GlobalSection(ExtensibilityGlobals) = postSolution
		SolutionGuid = {66E82E04-4F03-4F7E-AFF5-938F485C98BB}
	EndGlobalSection
EndGlobal
